
Microsoft Visual Studio Solution File, Format Version 12.00
# Visual Studio Version 16
VisualStudioVersion = 16.0.30907.101
MinimumVisualStudioVersion = 10.0.40219.1
Project("{FAE04EC0-301F-11D3-BF4B-00C04F79EFBC}") = "DemoApi", "DemoApi\DemoApi.csproj", "{FE91814D-AAC1-408B-AFD4-2C9267C90ECF}"
EndProject
Global
	GlobalSection(SolutionConfigurationPlatforms) = preSolution
		Debug|Any CPU = Debug|Any CPU
		Release|Any CPU = Release|Any CPU
	EndGlobalSection
	GlobalSection(ProjectConfigurationPlatforms) = postSolution
		{FE91814D-AAC1-408B-AFD4-2C9267C90ECF}.Debug|Any CPU.ActiveCfg = Debug|Any CPU
		{FE91814D-AAC1-408B-AFD4-2C9267C90ECF}.Debug|Any CPU.Build.0 = Debug|Any CPU
		{FE91814D-AAC1-408B-AFD4-2C9267C90ECF}.Release|Any CPU.ActiveCfg = Release|Any CPU
		{FE91814D-AAC1-408B-AFD4-2C9267C90ECF}.Release|Any CPU.Build.0 = Release|Any CPU
	EndGlobalSection
	GlobalSection(SolutionProperties) = preSolution
		HideSolutionNode = FALSE
	EndGlobalSection
	GlobalSection(ExtensibilityGlobals) = postSolution
		SolutionGuid = {50BE782B-96F0-45BA-A184-2687A74710EA}
	EndGlobalSection
EndGlobal
